// !$*UTF8*$!
{
	archiveVersion = 1;
	classes = {
	};
	objectVersion = 56;
	objects = {

/* Begin PBXBuildFile section */
		A1B2C3D4E5F60013A7B8C9D0 /* PickleballCoachApp.swift in Sources */ = {isa = PBXBuildFile; fileRef = A1B2C3D4E5F60012A7B8C9D0 /* PickleballCoachApp.swift */; };
		A1B2C3D4E5F60015A7B8C9D0 /* Session.swift in Sources */ = {isa = PBXBuildFile; fileRef = A1B2C3D4E5F60014A7B8C9D0 /* Session.swift */; };
		A1B2C3D4E5F60017A7B8C9D0 /* VideoAsset.swift in Sources */ = {isa = PBXBuildFile; fileRef = A1B2C3D4E5F60016A7B8C9D0 /* VideoAsset.swift */; };
		A1B2C3D4E5F60019A7B8C9D0 /* SessionStore.swift in Sources */ = {isa = PBXBuildFile; fileRef = A1B2C3D4E5F60018A7B8C9D0 /* SessionStore.swift */; };
		A1B2C3D4E5F6001BA7B8C9D0 /* HomeView.swift in Sources */ = {isa = PBXBuildFile; fileRef = A1B2C3D4E5F6001AA7B8C9D0 /* HomeView.swift */; };
		A1B2C3D4E5F6001DA7B8C9D0 /* ImportVideoView.swift in Sources */ = {isa = PBXBuildFile; fileRef = A1B2C3D4E5F6001CA7B8C9D0 /* ImportVideoView.swift */; };
		A1B2C3D4E5F6001FA7B8C9D0 /* SessionDetailView.swift in Sources */ = {isa = PBXBuildFile; fileRef = A1B2C3D4E5F6001EA7B8C9D0 /* SessionDetailView.swift */; };
		A1B2C3D4E5F60021A7B8C9D0 /* AnalysisProgressView.swift in Sources */ = {isa = PBXBuildFile; fileRef = A1B2C3D4E5F60020A7B8C9D0 /* AnalysisProgressView.swift */; };
		A1B2C3D4E5F60023A7B8C9D0 /* ReviewPlaceholderView.swift in Sources */ = {isa = PBXBuildFile; fileRef = A1B2C3D4E5F60022A7B8C9D0 /* ReviewPlaceholderView.swift */; };
		A1B2C3D4E5F6002AA7B8C9D0 /* PoseAnalysisResult.swift in Sources */ = {isa = PBXBuildFile; fileRef = A1B2C3D4E5F60029A7B8C9D0 /* PoseAnalysisResult.swift */; };
		A1B2C3D4E5F6002CA7B8C9D0 /* PoseCaptureService.swift in Sources */ = {isa = PBXBuildFile; fileRef = A1B2C3D4E5F6002BA7B8C9D0 /* PoseCaptureService.swift */; };
		A1B2C3D4E5F6002EA7B8C9D0 /* PoseOverlayView.swift in Sources */ = {isa = PBXBuildFile; fileRef = A1B2C3D4E5F6002DA7B8C9D0 /* PoseOverlayView.swift */; };
		A1B2C3D4E5F60025A7B8C9D0 /* Assets.xcassets in Resources */ = {isa = PBXBuildFile; fileRef = A1B2C3D4E5F60024A7B8C9D0 /* Assets.xcassets */; };
		A1B2C3D4E5F60027A7B8C9D0 /* Preview Assets.xcassets in Resources */ = {isa = PBXBuildFile; fileRef = A1B2C3D4E5F60026A7B8C9D0 /* Preview Assets.xcassets */; };
		A1B2C3D4E5F60031A7B8C9D0 /* MechanicsObservation.swift in Sources */ = {isa = PBXBuildFile; fileRef = A1B2C3D4E5F60030A7B8C9D0 /* MechanicsObservation.swift */; };
		A1B2C3D4E5F60033A7B8C9D0 /* FeedbackRule.swift in Sources */ = {isa = PBXBuildFile; fileRef = A1B2C3D4E5F60032A7B8C9D0 /* FeedbackRule.swift */; };
		A1B2C3D4E5F60035A7B8C9D0 /* FeedbackRuleSet.swift in Sources */ = {isa = PBXBuildFile; fileRef = A1B2C3D4E5F60034A7B8C9D0 /* FeedbackRuleSet.swift */; };
		A1B2C3D4E5F60037A7B8C9D0 /* FeedbackEngine.swift in Sources */ = {isa = PBXBuildFile; fileRef = A1B2C3D4E5F60036A7B8C9D0 /* FeedbackEngine.swift */; };
		A1B2C3D4E5F60039A7B8C9D0 /* ComparisonEngine.swift in Sources */ = {isa = PBXBuildFile; fileRef = A1B2C3D4E5F60038A7B8C9D0 /* ComparisonEngine.swift */; };
		A1B2C3D4E5F6003BA7B8C9D0 /* ReferenceExemplar.swift in Sources */ = {isa = PBXBuildFile; fileRef = A1B2C3D4E5F6003AA7B8C9D0 /* ReferenceExemplar.swift */; };
		A1B2C3D4E5F6003DA7B8C9D0 /* PoseFrame.swift in Sources */ = {isa = PBXBuildFile; fileRef = A1B2C3D4E5F6003CA7B8C9D0 /* PoseFrame.swift */; };
		A1B2C3D4E5F6003FA7B8C9D0 /* ClipInterval.swift in Sources */ = {isa = PBXBuildFile; fileRef = A1B2C3D4E5F6003EA7B8C9D0 /* ClipInterval.swift */; };
		A1B2C3D4E5F60041A7B8C9D0 /* MechanicsScore.swift in Sources */ = {isa = PBXBuildFile; fileRef = A1B2C3D4E5F60040A7B8C9D0 /* MechanicsScore.swift */; };
		A1B2C3D4E5F60071A7B8C9D0 /* SideBySideComparisonView.swift in Sources */ = {isa = PBXBuildFile; fileRef = A1B2C3D4E5F60070A7B8C9D0 /* SideBySideComparisonView.swift */; };
		A1B2C3D4E5F60073A7B8C9D0 /* reference_forehand_drive_v0.json in Resources */ = {isa = PBXBuildFile; fileRef = A1B2C3D4E5F60072A7B8C9D0 /* reference_forehand_drive_v0.json */; };
		A1B2C3D4E5F60075A7B8C9D0 /* reference_backhand_drive_v0.json in Resources */ = {isa = PBXBuildFile; fileRef = A1B2C3D4E5F60074A7B8C9D0 /* reference_backhand_drive_v0.json */; };
/* End PBXBuildFile section */

/* Begin PBXFileReference section */
		A1B2C3D4E5F60009A7B8C9D0 /* PickleballCoach.app */ = {isa = PBXFileReference; explicitFileType = wrapper.application; includeInIndex = 0; path = PickleballCoach.app; sourceTree = BUILT_PRODUCTS_DIR; };
		A1B2C3D4E5F60012A7B8C9D0 /* PickleballCoachApp.swift */ = {isa = PBXFileReference; lastKnownFileType = sourcecode.swift; path = PickleballCoachApp.swift; sourceTree = "<group>"; };
		A1B2C3D4E5F60014A7B8C9D0 /* Session.swift */ = {isa = PBXFileReference; lastKnownFileType = sourcecode.swift; path = Session.swift; sourceTree = "<group>"; };
		A1B2C3D4E5F60016A7B8C9D0 /* VideoAsset.swift */ = {isa = PBXFileReference; lastKnownFileType = sourcecode.swift; path = VideoAsset.swift; sourceTree = "<group>"; };
		A1B2C3D4E5F60018A7B8C9D0 /* SessionStore.swift */ = {isa = PBXFileReference; lastKnownFileType = sourcecode.swift; path = SessionStore.swift; sourceTree = "<group>"; };
		A1B2C3D4E5F6001AA7B8C9D0 /* HomeView.swift */ = {isa = PBXFileReference; lastKnownFileType = sourcecode.swift; path = HomeView.swift; sourceTree = "<group>"; };
		A1B2C3D4E5F6001CA7B8C9D0 /* ImportVideoView.swift */ = {isa = PBXFileReference; lastKnownFileType = sourcecode.swift; path = ImportVideoView.swift; sourceTree = "<group>"; };
		A1B2C3D4E5F6001EA7B8C9D0 /* SessionDetailView.swift */ = {isa = PBXFileReference; lastKnownFileType = sourcecode.swift; path = SessionDetailView.swift; sourceTree = "<group>"; };
		A1B2C3D4E5F60020A7B8C9D0 /* AnalysisProgressView.swift */ = {isa = PBXFileReference; lastKnownFileType = sourcecode.swift; path = AnalysisProgressView.swift; sourceTree = "<group>"; };
		A1B2C3D4E5F60022A7B8C9D0 /* ReviewPlaceholderView.swift */ = {isa = PBXFileReference; lastKnownFileType = sourcecode.swift; path = ReviewPlaceholderView.swift; sourceTree = "<group>"; };
		A1B2C3D4E5F60029A7B8C9D0 /* PoseAnalysisResult.swift */ = {isa = PBXFileReference; lastKnownFileType = sourcecode.swift; path = PoseAnalysisResult.swift; sourceTree = "<group>"; };
		A1B2C3D4E5F6002BA7B8C9D0 /* PoseCaptureService.swift */ = {isa = PBXFileReference; lastKnownFileType = sourcecode.swift; path = PoseCaptureService.swift; sourceTree = "<group>"; };
		A1B2C3D4E5F6002DA7B8C9D0 /* PoseOverlayView.swift */ = {isa = PBXFileReference; lastKnownFileType = sourcecode.swift; path = PoseOverlayView.swift; sourceTree = "<group>"; };
		A1B2C3D4E5F60024A7B8C9D0 /* Assets.xcassets */ = {isa = PBXFileReference; lastKnownFileType = folder.assetcatalog; path = Assets.xcassets; sourceTree = "<group>"; };
		A1B2C3D4E5F60026A7B8C9D0 /* Preview Assets.xcassets */ = {isa = PBXFileReference; lastKnownFileType = folder.assetcatalog; path = "Preview Assets.xcassets"; sourceTree = "<group>"; };
		A1B2C3D4E5F60028A7B8C9D0 /* Info.plist */ = {isa = PBXFileReference; lastKnownFileType = text.plist.xml; path = Info.plist; sourceTree = "<group>"; };
		A1B2C3D4E5F60030A7B8C9D0 /* MechanicsObservation.swift */ = {isa = PBXFileReference; lastKnownFileType = sourcecode.swift; path = MechanicsObservation.swift; sourceTree = "<group>"; };
		A1B2C3D4E5F60032A7B8C9D0 /* FeedbackRule.swift */ = {isa = PBXFileReference; lastKnownFileType = sourcecode.swift; path = FeedbackRule.swift; sourceTree = "<group>"; };
		A1B2C3D4E5F60034A7B8C9D0 /* FeedbackRuleSet.swift */ = {isa = PBXFileReference; lastKnownFileType = sourcecode.swift; path = FeedbackRuleSet.swift; sourceTree = "<group>"; };
		A1B2C3D4E5F60036A7B8C9D0 /* FeedbackEngine.swift */ = {isa = PBXFileReference; lastKnownFileType = sourcecode.swift; path = FeedbackEngine.swift; sourceTree = "<group>"; };
		A1B2C3D4E5F60038A7B8C9D0 /* ComparisonEngine.swift */ = {isa = PBXFileReference; lastKnownFileType = sourcecode.swift; path = ComparisonEngine.swift; sourceTree = "<group>"; };
		A1B2C3D4E5F6003AA7B8C9D0 /* ReferenceExemplar.swift */ = {isa = PBXFileReference; lastKnownFileType = sourcecode.swift; path = ReferenceExemplar.swift; sourceTree = "<group>"; };
		A1B2C3D4E5F6003CA7B8C9D0 /* PoseFrame.swift */ = {isa = PBXFileReference; lastKnownFileType = sourcecode.swift; path = PoseFrame.swift; sourceTree = "<group>"; };
		A1B2C3D4E5F6003EA7B8C9D0 /* ClipInterval.swift */ = {isa = PBXFileReference; lastKnownFileType = sourcecode.swift; path = ClipInterval.swift; sourceTree = "<group>"; };
		A1B2C3D4E5F60040A7B8C9D0 /* MechanicsScore.swift */ = {isa = PBXFileReference; lastKnownFileType = sourcecode.swift; path = MechanicsScore.swift; sourceTree = "<group>"; };
		A1B2C3D4E5F60070A7B8C9D0 /* SideBySideComparisonView.swift */ = {isa = PBXFileReference; lastKnownFileType = sourcecode.swift; path = SideBySideComparisonView.swift; sourceTree = "<group>"; };
		A1B2C3D4E5F60072A7B8C9D0 /* reference_forehand_drive_v0.json */ = {isa = PBXFileReference; lastKnownFileType = text.json; path = reference_forehand_drive_v0.json; sourceTree = "<group>"; };
		A1B2C3D4E5F60074A7B8C9D0 /* reference_backhand_drive_v0.json */ = {isa = PBXFileReference; lastKnownFileType = text.json; path = reference_backhand_drive_v0.json; sourceTree = "<group>"; };
/* End PBXFileReference section */

/* Begin PBXFrameworksBuildPhase section */
		A1B2C3D4E5F6000DA7B8C9D0 /* Frameworks */ = {
			isa = PBXFrameworksBuildPhase;
			buildActionMask = 2147483647;
			files = (
			);
			runOnlyForDeploymentPostprocessing = 0;
		};
/* End PBXFrameworksBuildPhase section */

/* Begin PBXGroup section */
		A1B2C3D4E5F60002A7B8C9D0 = {
			isa = PBXGroup;
			children = (
				A1B2C3D4E5F60003A7B8C9D0 /* PickleballCoach */,
				A1B2C3D4E5F60007A7B8C9D0 /* Products */,
			);
			sourceTree = "<group>";
		};
		A1B2C3D4E5F60003A7B8C9D0 /* PickleballCoach */ = {
			isa = PBXGroup;
			children = (
				A1B2C3D4E5F60012A7B8C9D0 /* PickleballCoachApp.swift */,
				A1B2C3D4E5F60004A7B8C9D0 /* Models */,
				A1B2C3D4E5F60005A7B8C9D0 /* Services */,
				A1B2C3D4E5F60006A7B8C9D0 /* Views */,
				A1B2C3D4E5F60076A7B8C9D0 /* Resources */,
				A1B2C3D4E5F60024A7B8C9D0 /* Assets.xcassets */,
				A1B2C3D4E5F60028A7B8C9D0 /* Info.plist */,
				A1B2C3D4E5F60008A7B8C9D0 /* Preview Content */,
			);
			path = PickleballCoach;
			sourceTree = "<group>";
		};
		A1B2C3D4E5F60004A7B8C9D0 /* Models */ = {
			isa = PBXGroup;
			children = (
				A1B2C3D4E5F60014A7B8C9D0 /* Session.swift */,
				A1B2C3D4E5F60016A7B8C9D0 /* VideoAsset.swift */,
				A1B2C3D4E5F60029A7B8C9D0 /* PoseAnalysisResult.swift */,
				A1B2C3D4E5F6003AA7B8C9D0 /* ReferenceExemplar.swift */,
				A1B2C3D4E5F60030A7B8C9D0 /* MechanicsObservation.swift */,
				A1B2C3D4E5F60032A7B8C9D0 /* FeedbackRule.swift */,
				A1B2C3D4E5F60034A7B8C9D0 /* FeedbackRuleSet.swift */,
				A1B2C3D4E5F6003CA7B8C9D0 /* PoseFrame.swift */,
				A1B2C3D4E5F6003EA7B8C9D0 /* ClipInterval.swift */,
				A1B2C3D4E5F60040A7B8C9D0 /* MechanicsScore.swift */,
			);
			path = Models;
			sourceTree = "<group>";
		};
		A1B2C3D4E5F60005A7B8C9D0 /* Services */ = {
			isa = PBXGroup;
			children = (
				A1B2C3D4E5F60018A7B8C9D0 /* SessionStore.swift */,
				A1B2C3D4E5F6002BA7B8C9D0 /* PoseCaptureService.swift */,
				A1B2C3D4E5F60038A7B8C9D0 /* ComparisonEngine.swift */,
				A1B2C3D4E5F60036A7B8C9D0 /* FeedbackEngine.swift */,
			);
			path = Services;
			sourceTree = "<group>";
		};
		A1B2C3D4E5F60006A7B8C9D0 /* Views */ = {
			isa = PBXGroup;
			children = (
				A1B2C3D4E5F6001AA7B8C9D0 /* HomeView.swift */,
				A1B2C3D4E5F6001CA7B8C9D0 /* ImportVideoView.swift */,
				A1B2C3D4E5F6001EA7B8C9D0 /* SessionDetailView.swift */,
				A1B2C3D4E5F60020A7B8C9D0 /* AnalysisProgressView.swift */,
				A1B2C3D4E5F60022A7B8C9D0 /* ReviewPlaceholderView.swift */,
				A1B2C3D4E5F6002DA7B8C9D0 /* PoseOverlayView.swift */,
				A1B2C3D4E5F60070A7B8C9D0 /* SideBySideComparisonView.swift */,
			);
			path = Views;
			sourceTree = "<group>";
		};
		A1B2C3D4E5F60007A7B8C9D0 /* Products */ = {
			isa = PBXGroup;
			children = (
				A1B2C3D4E5F60009A7B8C9D0 /* PickleballCoach.app */,
			);
			name = Products;
			sourceTree = "<group>";
		};
		A1B2C3D4E5F60008A7B8C9D0 /* Preview Content */ = {
			isa = PBXGroup;
			children = (
				A1B2C3D4E5F60026A7B8C9D0 /* Preview Assets.xcassets */,
			);
			path = "Preview Content";
			sourceTree = "<group>";
		};
		A1B2C3D4E5F60076A7B8C9D0 /* Resources */ = {
			isa = PBXGroup;
			children = (
				A1B2C3D4E5F60072A7B8C9D0 /* reference_forehand_drive_v0.json */,
				A1B2C3D4E5F60074A7B8C9D0 /* reference_backhand_drive_v0.json */,
			);
			path = Resources;
			sourceTree = "<group>";
		};
/* End PBXGroup section */

/* Begin PBXNativeTarget section */
		A1B2C3D4E5F6000AA7B8C9D0 /* PickleballCoach */ = {
			isa = PBXNativeTarget;
			buildConfigurationList = A1B2C3D4E5F6000FA7B8C9D0 /* Build configuration list for PBXNativeTarget "PickleballCoach" */;
			buildPhases = (
				A1B2C3D4E5F6000BA7B8C9D0 /* Sources */,
				A1B2C3D4E5F6000DA7B8C9D0 /* Frameworks */,
				A1B2C3D4E5F6000CA7B8C9D0 /* Resources */,
			);
			buildRules = (
			);
			dependencies = (
			);
			name = PickleballCoach;
			productName = PickleballCoach;
			productReference = A1B2C3D4E5F60009A7B8C9D0 /* PickleballCoach.app */;
			productType = "com.apple.product-type.application";
		};
/* End PBXNativeTarget section */

/* Begin PBXProject section */
		A1B2C3D4E5F60001A7B8C9D0 /* Project object */ = {
			isa = PBXProject;
			attributes = {
				BuildIndependentTargetsInParallel = 1;
				LastSwiftUpdateCheck = 1500;
				LastUpgradeCheck = 1500;
				TargetAttributes = {
					A1B2C3D4E5F6000AA7B8C9D0 = {
						CreatedOnToolsVersion = 15.0;
					};
				};
			};
			buildConfigurationList = A1B2C3D4E5F6000EA7B8C9D0 /* Build configuration list for PBXProject "PickleballCoach" */;
			compatibilityVersion = "Xcode 14.0";
			developmentRegion = en;
			hasScannedForEncodings = 0;
			knownRegions = (
				en,
				Base,
			);
			mainGroup = A1B2C3D4E5F60002A7B8C9D0;
			productRefGroup = A1B2C3D4E5F60007A7B8C9D0 /* Products */;
			projectDirPath = "";
			projectRoot = "";
			targets = (
				A1B2C3D4E5F6000AA7B8C9D0 /* PickleballCoach */,
			);
		};
/* End PBXProject section */

/* Begin PBXResourcesBuildPhase section */
		A1B2C3D4E5F6000CA7B8C9D0 /* Resources */ = {
			isa = PBXResourcesBuildPhase;
			buildActionMask = 2147483647;
			files = (
				A1B2C3D4E5F60027A7B8C9D0 /* Preview Assets.xcassets in Resources */,
				A1B2C3D4E5F60025A7B8C9D0 /* Assets.xcassets in Resources */,
				A1B2C3D4E5F60073A7B8C9D0 /* reference_forehand_drive_v0.json in Resources */,
				A1B2C3D4E5F60075A7B8C9D0 /* reference_backhand_drive_v0.json in Resources */,
			);
			runOnlyForDeploymentPostprocessing = 0;
		};
/* End PBXResourcesBuildPhase section */

/* Begin PBXSourcesBuildPhase section */
		A1B2C3D4E5F6000BA7B8C9D0 /* Sources */ = {
			isa = PBXSourcesBuildPhase;
			buildActionMask = 2147483647;
			files = (
				A1B2C3D4E5F60015A7B8C9D0 /* Session.swift in Sources */,
				A1B2C3D4E5F60019A7B8C9D0 /* SessionStore.swift in Sources */,
				A1B2C3D4E5F6001BA7B8C9D0 /* HomeView.swift in Sources */,
				A1B2C3D4E5F60013A7B8C9D0 /* PickleballCoachApp.swift in Sources */,
				A1B2C3D4E5F60017A7B8C9D0 /* VideoAsset.swift in Sources */,
				A1B2C3D4E5F6001DA7B8C9D0 /* ImportVideoView.swift in Sources */,
				A1B2C3D4E5F6001FA7B8C9D0 /* SessionDetailView.swift in Sources */,
				A1B2C3D4E5F60021A7B8C9D0 /* AnalysisProgressView.swift in Sources */,
				A1B2C3D4E5F60023A7B8C9D0 /* ReviewPlaceholderView.swift in Sources */,
				A1B2C3D4E5F6002AA7B8C9D0 /* PoseAnalysisResult.swift in Sources */,
				A1B2C3D4E5F6002CA7B8C9D0 /* PoseCaptureService.swift in Sources */,
				A1B2C3D4E5F6002EA7B8C9D0 /* PoseOverlayView.swift in Sources */,
				A1B2C3D4E5F6003BA7B8C9D0 /* ReferenceExemplar.swift in Sources */,
				A1B2C3D4E5F60031A7B8C9D0 /* MechanicsObservation.swift in Sources */,
				A1B2C3D4E5F60033A7B8C9D0 /* FeedbackRule.swift in Sources */,
				A1B2C3D4E5F60035A7B8C9D0 /* FeedbackRuleSet.swift in Sources */,
				A1B2C3D4E5F60039A7B8C9D0 /* ComparisonEngine.swift in Sources */,
				A1B2C3D4E5F60037A7B8C9D0 /* FeedbackEngine.swift in Sources */,
				A1B2C3D4E5F6003DA7B8C9D0 /* PoseFrame.swift in Sources */,
				A1B2C3D4E5F6003FA7B8C9D0 /* ClipInterval.swift in Sources */,
				A1B2C3D4E5F60041A7B8C9D0 /* MechanicsScore.swift in Sources */,
				A1B2C3D4E5F60071A7B8C9D0 /* SideBySideComparisonView.swift in Sources */,
			);
			runOnlyForDeploymentPostprocessing = 0;
		};
/* End PBXSourcesBuildPhase section */

/* Begin XCBuildConfiguration section */
		A1B2C3D4E5F60010A7B8C9D0 /* Debug */ = {
			isa = XCBuildConfiguration;
			buildSettings = {
				ALWAYS_SEARCH_USER_PATHS = NO;
				ASSETCATALOG_COMPILER_GENERATE_SWIFT_ASSET_SYMBOL_EXTENSIONS = YES;
				CLANG_ANALYZER_NONNULL = YES;
				CLANG_ANALYZER_NUMBER_OBJECT_CONVERSION = YES_AGGRESSIVE;
				CLANG_CXX_LANGUAGE_STANDARD = "gnu++20";
				CLANG_ENABLE_MODULES = YES;
				CLANG_ENABLE_OBJC_ARC = YES;
				CLANG_ENABLE_OBJC_WEAK = YES;
				CLANG_WARN_BLOCK_CAPTURE_AUTORELEASING = YES;
				CLANG_WARN_BOOL_CONVERSION = YES;
				CLANG_WARN_COMMA = YES;
				CLANG_WARN_CONSTANT_CONVERSION = YES;
				CLANG_WARN_DEPRECATED_OBJC_IMPLEMENTATIONS = YES;
				CLANG_WARN_DIRECT_OBJC_ISA_USAGE = YES_ERROR;
				CLANG_WARN_DOCUMENTATION_COMMENTS = YES;
				CLANG_WARN_EMPTY_BODY = YES;
				CLANG_WARN_ENUM_CONVERSION = YES;
				CLANG_WARN_INFINITE_RECURSION = YES;
				CLANG_WARN_INT_CONVERSION = YES;
				CLANG_WARN_NON_LITERAL_NULL_CONVERSION = YES;
				CLANG_WARN_OBJC_IMPLICIT_RETAIN_SELF = YES;
				CLANG_WARN_OBJC_LITERAL_CONVERSION = YES;
				CLANG_WARN_OBJC_ROOT_CLASS = YES_ERROR;
				CLANG_WARN_QUOTED_INCLUDE_IN_FRAMEWORK_HEADER = YES;
				CLANG_WARN_RANGE_LOOP_ANALYSIS = YES;
				CLANG_WARN_STRICT_PROTOTYPES = YES;
				CLANG_WARN_SUSPICIOUS_MOVE = YES;
				CLANG_WARN_UNGUARDED_AVAILABILITY = YES_AGGRESSIVE;
				CLANG_WARN_UNREACHABLE_CODE = YES;
				CLANG_WARN__DUPLICATE_METHOD_MATCH = YES;
				COPY_PHASE_STRIP = NO;
				DEBUG_INFORMATION_FORMAT = dwarf;
				ENABLE_STRICT_OBJC_MSGSEND = YES;
				ENABLE_TESTABILITY = YES;
				ENABLE_USER_SCRIPT_SANDBOXING = YES;
				GCC_C_LANGUAGE_STANDARD = gnu17;
				GCC_DYNAMIC_NO_PIC = NO;
				GCC_NO_COMMON_BLOCKS = YES;
				GCC_OPTIMIZATION_LEVEL = 0;
				GCC_PREPROCESSOR_DEFINITIONS = (
					"DEBUG=1",
					"$(inherited)",
				);
				GCC_WARN_64_TO_32_BIT_CONVERSION = YES;
				GCC_WARN_ABOUT_RETURN_TYPE = YES_ERROR;
				GCC_WARN_UNDECLARED_SELECTOR = YES;
				GCC_WARN_UNINITIALIZED_AUTOS = YES_AGGRESSIVE;
				GCC_WARN_UNUSED_FUNCTION = YES;
				GCC_WARN_UNUSED_VARIABLE = YES;
				IPHONEOS_DEPLOYMENT_TARGET = 17.0;
				LOCALIZATION_PREFERS_STRING_CATALOGS = YES;
				MTL_ENABLE_DEBUG_INFO = INCLUDE_SOURCE;
				MTL_FAST_MATH = YES;
				ONLY_ACTIVE_ARCH = YES;
				SDKROOT = iphoneos;
				SWIFT_ACTIVE_COMPILATION_CONDITIONS = "DEBUG $(inherited)";
				SWIFT_OPTIMIZATION_LEVEL = "-Onone";
			};
			name = Debug;
		};
		A1B2C3D4E5F60011A7B8C9D0 /* Release */ = {
			isa = XCBuildConfiguration;
			buildSettings = {
				ALWAYS_SEARCH_USER_PATHS = NO;
				ASSETCATALOG_COMPILER_GENERATE_SWIFT_ASSET_SYMBOL_EXTENSIONS = YES;
				CLANG_ANALYZER_NONNULL = YES;
				CLANG_ANALYZER_NUMBER_OBJECT_CONVERSION = YES_AGGRESSIVE;
				CLANG_CXX_LANGUAGE_STANDARD = "gnu++20";
				CLANG_ENABLE_MODULES = YES;
				CLANG_ENABLE_OBJC_ARC = YES;
				CLANG_ENABLE_OBJC_WEAK = YES;
				CLANG_WARN_BLOCK_CAPTURE_AUTORELEASING = YES;
				CLANG_WARN_BOOL_CONVERSION = YES;
				CLANG_WARN_COMMA = YES;
				CLANG_WARN_CONSTANT_CONVERSION = YES;
				CLANG_WARN_DEPRECATED_OBJC_IMPLEMENTATIONS = YES;
				CLANG_WARN_DIRECT_OBJC_ISA_USAGE = YES_ERROR;
				CLANG_WARN_DOCUMENTATION_COMMENTS = YES;
				CLANG_WARN_EMPTY_BODY = YES;
				CLANG_WARN_ENUM_CONVERSION = YES;
				CLANG_WARN_INFINITE_RECURSION = YES;
				CLANG_WARN_INT_CONVERSION = YES;
				CLANG_WARN_NON_LITERAL_NULL_CONVERSION = YES;
				CLANG_WARN_OBJC_IMPLICIT_RETAIN_SELF = YES;
				CLANG_WARN_OBJC_LITERAL_CONVERSION = YES;
				CLANG_WARN_OBJC_ROOT_CLASS = YES_ERROR;
				CLANG_WARN_QUOTED_INCLUDE_IN_FRAMEWORK_HEADER = YES;
				CLANG_WARN_RANGE_LOOP_ANALYSIS = YES;
				CLANG_WARN_STRICT_PROTOTYPES = YES;
				CLANG_WARN_SUSPICIOUS_MOVE = YES;
				CLANG_WARN_UNGUARDED_AVAILABILITY = YES_AGGRESSIVE;
				CLANG_WARN_UNREACHABLE_CODE = YES;
				CLANG_WARN__DUPLICATE_METHOD_MATCH = YES;
				COPY_PHASE_STRIP = NO;
				DEBUG_INFORMATION_FORMAT = "dwarf-with-dsym";
				ENABLE_NS_ASSERTIONS = NO;
				ENABLE_STRICT_OBJC_MSGSEND = YES;
				ENABLE_USER_SCRIPT_SANDBOXING = YES;
				GCC_C_LANGUAGE_STANDARD = gnu17;
				GCC_NO_COMMON_BLOCKS = YES;
				GCC_WARN_64_TO_32_BIT_CONVERSION = YES;
				GCC_WARN_ABOUT_RETURN_TYPE = YES_ERROR;
				GCC_WARN_UNDECLARED_SELECTOR = YES;
				GCC_WARN_UNINITIALIZED_AUTOS = YES_AGGRESSIVE;
				GCC_WARN_UNUSED_FUNCTION = YES;
				GCC_WARN_UNUSED_VARIABLE = YES;
				IPHONEOS_DEPLOYMENT_TARGET = 17.0;
				LOCALIZATION_PREFERS_STRING_CATALOGS = YES;
				MTL_ENABLE_DEBUG_INFO = NO;
				MTL_FAST_MATH = YES;
				SDKROOT = iphoneos;
				SWIFT_COMPILATION_MODE = wholemodule;
				VALIDATE_PRODUCT = YES;
			};
			name = Release;
		};
		A1B2C3D4E5F60012A7B8C9D1 /* Debug */ = {
			isa = XCBuildConfiguration;
			buildSettings = {
				ASSETCATALOG_COMPILER_APPICON_NAME = AppIcon;
				ASSETCATALOG_COMPILER_GLOBAL_ACCENT_COLOR_NAME = AccentColor;
				CODE_SIGN_STYLE = Automatic;
				CURRENT_PROJECT_VERSION = 1;
				DEVELOPMENT_ASSET_PATHS = "\"PickleballCoach/Preview Content\"";
				DEVELOPMENT_TEAM = "";
				ENABLE_PREVIEWS = YES;
				GENERATE_INFOPLIST_FILE = YES;
				INFOPLIST_FILE = PickleballCoach/Info.plist;
				INFOPLIST_KEY_UIApplicationSceneManifest_Generation = YES;
				INFOPLIST_KEY_UIApplicationSupportsIndirectInputEvents = YES;
				"INFOPLIST_KEY_UISupportedInterfaceOrientations[ipad]" = "UIInterfaceOrientationPortrait UIInterfaceOrientationPortraitUpsideDown UIInterfaceOrientationLandscapeLeft UIInterfaceOrientationLandscapeRight";
				LD_RUNPATH_SEARCH_PATHS = (
					"$(inherited)",
					"@executable_path/Frameworks",
				);
				MARKETING_VERSION = 1.0;
				PRODUCT_BUNDLE_IDENTIFIER = "ai.scaffolde.pickleball-coach";
				PRODUCT_NAME = "$(TARGET_NAME)";
				SWIFT_EMIT_LOC_STRINGS = YES;
				SWIFT_VERSION = 5.0;
				TARGETED_DEVICE_FAMILY = 1;
			};
			name = Debug;
		};
		A1B2C3D4E5F60013A7B8C9D1 /* Release */ = {
			isa = XCBuildConfiguration;
			buildSettings = {
				ASSETCATALOG_COMPILER_APPICON_NAME = AppIcon;
				ASSETCATALOG_COMPILER_GLOBAL_ACCENT_COLOR_NAME = AccentColor;
				CODE_SIGN_STYLE = Automatic;
				CURRENT_PROJECT_VERSION = 1;
				DEVELOPMENT_ASSET_PATHS = "\"PickleballCoach/Preview Content\"";
				DEVELOPMENT_TEAM = "";
				ENABLE_PREVIEWS = YES;
				GENERATE_INFOPLIST_FILE = YES;
				INFOPLIST_FILE = PickleballCoach/Info.plist;
				INFOPLIST_KEY_UIApplicationSceneManifest_Generation = YES;
				INFOPLIST_KEY_UIApplicationSupportsIndirectInputEvents = YES;
				"INFOPLIST_KEY_UISupportedInterfaceOrientations[ipad]" = "UIInterfaceOrientationPortrait UIInterfaceOrientationPortraitUpsideDown UIInterfaceOrientationLandscapeLeft UIInterfaceOrientationLandscapeRight";
				LD_RUNPATH_SEARCH_PATHS = (
					"$(inherited)",
					"@executable_path/Frameworks",
				);
				MARKETING_VERSION = 1.0;
				PRODUCT_BUNDLE_IDENTIFIER = "ai.scaffolde.pickleball-coach";
				PRODUCT_NAME = "$(TARGET_NAME)";
				SWIFT_EMIT_LOC_STRINGS = YES;
				SWIFT_VERSION = 5.0;
				TARGETED_DEVICE_FAMILY = 1;
			};
			name = Release;
		};
/* End XCBuildConfiguration section */

/* Begin XCConfigurationList section */
		A1B2C3D4E5F6000EA7B8C9D0 /* Build configuration list for PBXProject "PickleballCoach" */ = {
			isa = XCConfigurationList;
			buildConfigurations = (
				A1B2C3D4E5F60010A7B8C9D0 /* Debug */,
				A1B2C3D4E5F60011A7B8C9D0 /* Release */,
			);
			defaultConfigurationIsVisible = 0;
			defaultConfigurationName = Release;
		};
		A1B2C3D4E5F6000FA7B8C9D0 /* Build configuration list for PBXNativeTarget "PickleballCoach" */ = {
			isa = XCConfigurationList;
			buildConfigurations = (
				A1B2C3D4E5F60012A7B8C9D1 /* Debug */,
				A1B2C3D4E5F60013A7B8C9D1 /* Release */,
			);
			defaultConfigurationIsVisible = 0;
			defaultConfigurationName = Release;
		};
/* End XCConfigurationList section */
	};
	rootObject = A1B2C3D4E5F60001A7B8C9D0 /* Project object */;
}
